// !$*UTF8*$!
{
	archiveVersion = 1;
	classes = {
	};
	objectVersion = 50;
	objects = {

/* Begin PBXBuildFile section */
		3FA66DC62509AE7200DF70B2 /* ConcentrationApp.swift in Sources */ = {isa = PBXBuildFile; fileRef = 3FA66DC52509AE7200DF70B2 /* ConcentrationApp.swift */; };
		3FA66DC82509AE7200DF70B2 /* EmojiConcentrationGameView.swift in Sources */ = {isa = PBXBuildFile; fileRef = 3FA66DC72509AE7200DF70B2 /* EmojiConcentrationGameView.swift */; };
		3FA66DCA2509AE7300DF70B2 /* Assets.xcassets in Resources */ = {isa = PBXBuildFile; fileRef = 3FA66DC92509AE7300DF70B2 /* Assets.xcassets */; };
		3FA66DCD2509AE7300DF70B2 /* Preview Assets.xcassets in Resources */ = {isa = PBXBuildFile; fileRef = 3FA66DCC2509AE7300DF70B2 /* Preview Assets.xcassets */; };
		3FA66DD82509AE7300DF70B2 /* ConcentrationTests.swift in Sources */ = {isa = PBXBuildFile; fileRef = 3FA66DD72509AE7300DF70B2 /* ConcentrationTests.swift */; };
		3FA66DE32509AE7300DF70B2 /* ConcentrationUITests.swift in Sources */ = {isa = PBXBuildFile; fileRef = 3FA66DE22509AE7300DF70B2 /* ConcentrationUITests.swift */; };
		3FA66DF12509B6A200DF70B2 /* ConcentrationGame.swift in Sources */ = {isa = PBXBuildFile; fileRef = 3FA66DF02509B6A200DF70B2 /* ConcentrationGame.swift */; };
		3FA66DF32509B87F00DF70B2 /* EmojiConcentrationGame.swift in Sources */ = {isa = PBXBuildFile; fileRef = 3FA66DF22509B87F00DF70B2 /* EmojiConcentrationGame.swift */; };
		3FA66DF6250A6F7F00DF70B2 /* CardView.swift in Sources */ = {isa = PBXBuildFile; fileRef = 3FA66DF5250A6F7F00DF70B2 /* CardView.swift */; };
		3FA66DFA250A79A400DF70B2 /* Array+Identifiable.swift in Sources */ = {isa = PBXBuildFile; fileRef = 3FA66DF9250A79A400DF70B2 /* Array+Identifiable.swift */; };
/* End PBXBuildFile section */

/* Begin PBXContainerItemProxy section */
		3FA66DD42509AE7300DF70B2 /* PBXContainerItemProxy */ = {
			isa = PBXContainerItemProxy;
			containerPortal = 3FA66DBA2509AE7200DF70B2 /* Project object */;
			proxyType = 1;
			remoteGlobalIDString = 3FA66DC12509AE7200DF70B2;
			remoteInfo = Concentration;
		};
		3FA66DDF2509AE7300DF70B2 /* PBXContainerItemProxy */ = {
			isa = PBXContainerItemProxy;
			containerPortal = 3FA66DBA2509AE7200DF70B2 /* Project object */;
			proxyType = 1;
			remoteGlobalIDString = 3FA66DC12509AE7200DF70B2;
			remoteInfo = Concentration;
		};
/* End PBXContainerItemProxy section */

/* Begin PBXFileReference section */
		3FA66DC22509AE7200DF70B2 /* Concentration.app */ = {isa = PBXFileReference; explicitFileType = wrapper.application; includeInIndex = 0; path = Concentration.app; sourceTree = BUILT_PRODUCTS_DIR; };
		3FA66DC52509AE7200DF70B2 /* ConcentrationApp.swift */ = {isa = PBXFileReference; lastKnownFileType = sourcecode.swift; path = ConcentrationApp.swift; sourceTree = "<group>"; };
		3FA66DC72509AE7200DF70B2 /* EmojiConcentrationGameView.swift */ = {isa = PBXFileReference; lastKnownFileType = sourcecode.swift; path = EmojiConcentrationGameView.swift; sourceTree = "<group>"; };
		3FA66DC92509AE7300DF70B2 /* Assets.xcassets */ = {isa = PBXFileReference; lastKnownFileType = folder.assetcatalog; path = Assets.xcassets; sourceTree = "<group>"; };
		3FA66DCC2509AE7300DF70B2 /* Preview Assets.xcassets */ = {isa = PBXFileReference; lastKnownFileType = folder.assetcatalog; path = "Preview Assets.xcassets"; sourceTree = "<group>"; };
		3FA66DCE2509AE7300DF70B2 /* Info.plist */ = {isa = PBXFileReference; lastKnownFileType = text.plist.xml; path = Info.plist; sourceTree = "<group>"; };
		3FA66DD32509AE7300DF70B2 /* ConcentrationTests.xctest */ = {isa = PBXFileReference; explicitFileType = wrapper.cfbundle; includeInIndex = 0; path = ConcentrationTests.xctest; sourceTree = BUILT_PRODUCTS_DIR; };
		3FA66DD72509AE7300DF70B2 /* ConcentrationTests.swift */ = {isa = PBXFileReference; lastKnownFileType = sourcecode.swift; path = ConcentrationTests.swift; sourceTree = "<group>"; };
		3FA66DD92509AE7300DF70B2 /* Info.plist */ = {isa = PBXFileReference; lastKnownFileType = text.plist.xml; path = Info.plist; sourceTree = "<group>"; };
		3FA66DDE2509AE7300DF70B2 /* ConcentrationUITests.xctest */ = {isa = PBXFileReference; explicitFileType = wrapper.cfbundle; includeInIndex = 0; path = ConcentrationUITests.xctest; sourceTree = BUILT_PRODUCTS_DIR; };
		3FA66DE22509AE7300DF70B2 /* ConcentrationUITests.swift */ = {isa = PBXFileReference; lastKnownFileType = sourcecode.swift; path = ConcentrationUITests.swift; sourceTree = "<group>"; };
		3FA66DE42509AE7300DF70B2 /* Info.plist */ = {isa = PBXFileReference; lastKnownFileType = text.plist.xml; path = Info.plist; sourceTree = "<group>"; };
		3FA66DF02509B6A200DF70B2 /* ConcentrationGame.swift */ = {isa = PBXFileReference; lastKnownFileType = sourcecode.swift; path = ConcentrationGame.swift; sourceTree = "<group>"; };
		3FA66DF22509B87F00DF70B2 /* EmojiConcentrationGame.swift */ = {isa = PBXFileReference; lastKnownFileType = sourcecode.swift; path = EmojiConcentrationGame.swift; sourceTree = "<group>"; };
		3FA66DF5250A6F7F00DF70B2 /* CardView.swift */ = {isa = PBXFileReference; lastKnownFileType = sourcecode.swift; path = CardView.swift; sourceTree = "<group>"; };
		3FA66DF9250A79A400DF70B2 /* Array+Identifiable.swift */ = {isa = PBXFileReference; lastKnownFileType = sourcecode.swift; path = "Array+Identifiable.swift"; sourceTree = "<group>"; };
/* End PBXFileReference section */

/* Begin PBXFrameworksBuildPhase section */
		3FA66DBF2509AE7200DF70B2 /* Frameworks */ = {
			isa = PBXFrameworksBuildPhase;
			buildActionMask = 2147483647;
			files = (
			);
			runOnlyForDeploymentPostprocessing = 0;
		};
		3FA66DD02509AE7300DF70B2 /* Frameworks */ = {
			isa = PBXFrameworksBuildPhase;
			buildActionMask = 2147483647;
			files = (
			);
			runOnlyForDeploymentPostprocessing = 0;
		};
		3FA66DDB2509AE7300DF70B2 /* Frameworks */ = {
			isa = PBXFrameworksBuildPhase;
			buildActionMask = 2147483647;
			files = (
			);
			runOnlyForDeploymentPostprocessing = 0;
		};
/* End PBXFrameworksBuildPhase section */

/* Begin PBXGroup section */
		3FA66DB92509AE7200DF70B2 = {
			isa = PBXGroup;
			children = (
				3FA66DC42509AE7200DF70B2 /* Concentration */,
				3FA66DD62509AE7300DF70B2 /* ConcentrationTests */,
				3FA66DE12509AE7300DF70B2 /* ConcentrationUITests */,
				3FA66DC32509AE7200DF70B2 /* Products */,
			);
			sourceTree = "<group>";
		};
		3FA66DC32509AE7200DF70B2 /* Products */ = {
			isa = PBXGroup;
			children = (
				3FA66DC22509AE7200DF70B2 /* Concentration.app */,
				3FA66DD32509AE7300DF70B2 /* ConcentrationTests.xctest */,
				3FA66DDE2509AE7300DF70B2 /* ConcentrationUITests.xctest */,
			);
			name = Products;
			sourceTree = "<group>";
		};
		3FA66DC42509AE7200DF70B2 /* Concentration */ = {
			isa = PBXGroup;
			children = (
				3FA66DFB250A79BE00DF70B2 /* Utility */,
				3FA66DF4250A6F4400DF70B2 /* Model */,
				3FA66DF8250A752C00DF70B2 /* ViewModel */,
				3FA66DF7250A751C00DF70B2 /* View */,
				3FA66DC92509AE7300DF70B2 /* Assets.xcassets */,
				3FA66DCE2509AE7300DF70B2 /* Info.plist */,
				3FA66DCB2509AE7300DF70B2 /* Preview Content */,
			);
			path = Concentration;
			sourceTree = "<group>";
		};
		3FA66DCB2509AE7300DF70B2 /* Preview Content */ = {
			isa = PBXGroup;
			children = (
				3FA66DCC2509AE7300DF70B2 /* Preview Assets.xcassets */,
			);
			path = "Preview Content";
			sourceTree = "<group>";
		};
		3FA66DD62509AE7300DF70B2 /* ConcentrationTests */ = {
			isa = PBXGroup;
			children = (
				3FA66DD72509AE7300DF70B2 /* ConcentrationTests.swift */,
				3FA66DD92509AE7300DF70B2 /* Info.plist */,
			);
			path = ConcentrationTests;
			sourceTree = "<group>";
		};
		3FA66DE12509AE7300DF70B2 /* ConcentrationUITests */ = {
			isa = PBXGroup;
			children = (
				3FA66DE22509AE7300DF70B2 /* ConcentrationUITests.swift */,
				3FA66DE42509AE7300DF70B2 /* Info.plist */,
			);
			path = ConcentrationUITests;
			sourceTree = "<group>";
		};
		3FA66DF4250A6F4400DF70B2 /* Model */ = {
			isa = PBXGroup;
			children = (
				3FA66DF02509B6A200DF70B2 /* ConcentrationGame.swift */,
			);
			path = Model;
			sourceTree = "<group>";
		};
		3FA66DF7250A751C00DF70B2 /* View */ = {
			isa = PBXGroup;
			children = (
				3FA66DC52509AE7200DF70B2 /* ConcentrationApp.swift */,
				3FA66DF5250A6F7F00DF70B2 /* CardView.swift */,
				3FA66DC72509AE7200DF70B2 /* EmojiConcentrationGameView.swift */,
			);
			path = View;
			sourceTree = "<group>";
		};
		3FA66DF8250A752C00DF70B2 /* ViewModel */ = {
			isa = PBXGroup;
			children = (
				3FA66DF22509B87F00DF70B2 /* EmojiConcentrationGame.swift */,
			);
			path = ViewModel;
			sourceTree = "<group>";
		};
		3FA66DFB250A79BE00DF70B2 /* Utility */ = {
			isa = PBXGroup;
			children = (
				3FA66DF9250A79A400DF70B2 /* Array+Identifiable.swift */,
			);
			path = Utility;
			sourceTree = "<group>";
		};
/* End PBXGroup section */

/* Begin PBXNativeTarget section */
		3FA66DC12509AE7200DF70B2 /* Concentration */ = {
			isa = PBXNativeTarget;
			buildConfigurationList = 3FA66DE72509AE7300DF70B2 /* Build configuration list for PBXNativeTarget "Concentration" */;
			buildPhases = (
				3FA66DBE2509AE7200DF70B2 /* Sources */,
				3FA66DBF2509AE7200DF70B2 /* Frameworks */,
				3FA66DC02509AE7200DF70B2 /* Resources */,
			);
			buildRules = (
			);
			dependencies = (
			);
			name = Concentration;
			productName = Concentration;
			productReference = 3FA66DC22509AE7200DF70B2 /* Concentration.app */;
			productType = "com.apple.product-type.application";
		};
		3FA66DD22509AE7300DF70B2 /* ConcentrationTests */ = {
			isa = PBXNativeTarget;
			buildConfigurationList = 3FA66DEA2509AE7300DF70B2 /* Build configuration list for PBXNativeTarget "ConcentrationTests" */;
			buildPhases = (
				3FA66DCF2509AE7300DF70B2 /* Sources */,
				3FA66DD02509AE7300DF70B2 /* Frameworks */,
				3FA66DD12509AE7300DF70B2 /* Resources */,
			);
			buildRules = (
			);
			dependencies = (
				3FA66DD52509AE7300DF70B2 /* PBXTargetDependency */,
			);
			name = ConcentrationTests;
			productName = ConcentrationTests;
			productReference = 3FA66DD32509AE7300DF70B2 /* ConcentrationTests.xctest */;
			productType = "com.apple.product-type.bundle.unit-test";
		};
		3FA66DDD2509AE7300DF70B2 /* ConcentrationUITests */ = {
			isa = PBXNativeTarget;
			buildConfigurationList = 3FA66DED2509AE7300DF70B2 /* Build configuration list for PBXNativeTarget "ConcentrationUITests" */;
			buildPhases = (
				3FA66DDA2509AE7300DF70B2 /* Sources */,
				3FA66DDB2509AE7300DF70B2 /* Frameworks */,
				3FA66DDC2509AE7300DF70B2 /* Resources */,
			);
			buildRules = (
			);
			dependencies = (
				3FA66DE02509AE7300DF70B2 /* PBXTargetDependency */,
			);
			name = ConcentrationUITests;
			productName = ConcentrationUITests;
			productReference = 3FA66DDE2509AE7300DF70B2 /* ConcentrationUITests.xctest */;
			productType = "com.apple.product-type.bundle.ui-testing";
		};
/* End PBXNativeTarget section */

/* Begin PBXProject section */
		3FA66DBA2509AE7200DF70B2 /* Project object */ = {
			isa = PBXProject;
			attributes = {
				LastSwiftUpdateCheck = 1200;
				LastUpgradeCheck = 1200;
				TargetAttributes = {
					3FA66DC12509AE7200DF70B2 = {
						CreatedOnToolsVersion = 12.0;
					};
					3FA66DD22509AE7300DF70B2 = {
						CreatedOnToolsVersion = 12.0;
						TestTargetID = 3FA66DC12509AE7200DF70B2;
					};
					3FA66DDD2509AE7300DF70B2 = {
						CreatedOnToolsVersion = 12.0;
						TestTargetID = 3FA66DC12509AE7200DF70B2;
					};
				};
			};
			buildConfigurationList = 3FA66DBD2509AE7200DF70B2 /* Build configuration list for PBXProject "Concentration" */;
			compatibilityVersion = "Xcode 9.3";
			developmentRegion = en;
			hasScannedForEncodings = 0;
			knownRegions = (
				en,
				Base,
			);
			mainGroup = 3FA66DB92509AE7200DF70B2;
			productRefGroup = 3FA66DC32509AE7200DF70B2 /* Products */;
			projectDirPath = "";
			projectRoot = "";
			targets = (
				3FA66DC12509AE7200DF70B2 /* Concentration */,
				3FA66DD22509AE7300DF70B2 /* ConcentrationTests */,
				3FA66DDD2509AE7300DF70B2 /* ConcentrationUITests */,
			);
		};
/* End PBXProject section */

/* Begin PBXResourcesBuildPhase section */
		3FA66DC02509AE7200DF70B2 /* Resources */ = {
			isa = PBXResourcesBuildPhase;
			buildActionMask = 2147483647;
			files = (
				3FA66DCD2509AE7300DF70B2 /* Preview Assets.xcassets in Resources */,
				3FA66DCA2509AE7300DF70B2 /* Assets.xcassets in Resources */,
			);
			runOnlyForDeploymentPostprocessing = 0;
		};
		3FA66DD12509AE7300DF70B2 /* Resources */ = {
			isa = PBXResourcesBuildPhase;
			buildActionMask = 2147483647;
			files = (
			);
			runOnlyForDeploymentPostprocessing = 0;
		};
		3FA66DDC2509AE7300DF70B2 /* Resources */ = {
			isa = PBXResourcesBuildPhase;
			buildActionMask = 2147483647;
			files = (
			);
			runOnlyForDeploymentPostprocessing = 0;
		};
/* End PBXResourcesBuildPhase section */

/* Begin PBXSourcesBuildPhase section */
		3FA66DBE2509AE7200DF70B2 /* Sources */ = {
			isa = PBXSourcesBuildPhase;
			buildActionMask = 2147483647;
			files = (
				3FA66DF32509B87F00DF70B2 /* EmojiConcentrationGame.swift in Sources */,
				3FA66DF12509B6A200DF70B2 /* ConcentrationGame.swift in Sources */,
				3FA66DC82509AE7200DF70B2 /* EmojiConcentrationGameView.swift in Sources */,
				3FA66DC62509AE7200DF70B2 /* ConcentrationApp.swift in Sources */,
				3FA66DFA250A79A400DF70B2 /* Array+Identifiable.swift in Sources */,
				3FA66DF6250A6F7F00DF70B2 /* CardView.swift in Sources */,
			);
			runOnlyForDeploymentPostprocessing = 0;
		};
		3FA66DCF2509AE7300DF70B2 /* Sources */ = {
			isa = PBXSourcesBuildPhase;
			buildActionMask = 2147483647;
			files = (
				3FA66DD82509AE7300DF70B2 /* ConcentrationTests.swift in Sources */,
			);
			runOnlyForDeploymentPostprocessing = 0;
		};
		3FA66DDA2509AE7300DF70B2 /* Sources */ = {
			isa = PBXSourcesBuildPhase;
			buildActionMask = 2147483647;
			files = (
				3FA66DE32509AE7300DF70B2 /* ConcentrationUITests.swift in Sources */,
			);
			runOnlyForDeploymentPostprocessing = 0;
		};
/* End PBXSourcesBuildPhase section */

/* Begin PBXTargetDependency section */
		3FA66DD52509AE7300DF70B2 /* PBXTargetDependency */ = {
			isa = PBXTargetDependency;
			target = 3FA66DC12509AE7200DF70B2 /* Concentration */;
			targetProxy = 3FA66DD42509AE7300DF70B2 /* PBXContainerItemProxy */;
		};
		3FA66DE02509AE7300DF70B2 /* PBXTargetDependency */ = {
			isa = PBXTargetDependency;
			target = 3FA66DC12509AE7200DF70B2 /* Concentration */;
			targetProxy = 3FA66DDF2509AE7300DF70B2 /* PBXContainerItemProxy */;
		};
/* End PBXTargetDependency section */

/* Begin XCBuildConfiguration section */
		3FA66DE52509AE7300DF70B2 /* Debug */ = {
			isa = XCBuildConfiguration;
			buildSettings = {
				ALWAYS_SEARCH_USER_PATHS = NO;
				CLANG_ANALYZER_NONNULL = YES;
				CLANG_ANALYZER_NUMBER_OBJECT_CONVERSION = YES_AGGRESSIVE;
				CLANG_CXX_LANGUAGE_STANDARD = "gnu++14";
				CLANG_CXX_LIBRARY = "libc++";
				CLANG_ENABLE_MODULES = YES;
				CLANG_ENABLE_OBJC_ARC = YES;
				CLANG_ENABLE_OBJC_WEAK = YES;
				CLANG_WARN_BLOCK_CAPTURE_AUTORELEASING = YES;
				CLANG_WARN_BOOL_CONVERSION = YES;
				CLANG_WARN_COMMA = YES;
				CLANG_WARN_CONSTANT_CONVERSION = YES;
				CLANG_WARN_DEPRECATED_OBJC_IMPLEMENTATIONS = YES;
				CLANG_WARN_DIRECT_OBJC_ISA_USAGE = YES_ERROR;
				CLANG_WARN_DOCUMENTATION_COMMENTS = YES;
				CLANG_WARN_EMPTY_BODY = YES;
				CLANG_WARN_ENUM_CONVERSION = YES;
				CLANG_WARN_INFINITE_RECURSION = YES;
				CLANG_WARN_INT_CONVERSION = YES;
				CLANG_WARN_NON_LITERAL_NULL_CONVERSION = YES;
				CLANG_WARN_OBJC_IMPLICIT_RETAIN_SELF = YES;
				CLANG_WARN_OBJC_LITERAL_CONVERSION = YES;
				CLANG_WARN_OBJC_ROOT_CLASS = YES_ERROR;
				CLANG_WARN_QUOTED_INCLUDE_IN_FRAMEWORK_HEADER = YES;
				CLANG_WARN_RANGE_LOOP_ANALYSIS = YES;
				CLANG_WARN_STRICT_PROTOTYPES = YES;
				CLANG_WARN_SUSPICIOUS_MOVE = YES;
				CLANG_WARN_UNGUARDED_AVAILABILITY = YES_AGGRESSIVE;
				CLANG_WARN_UNREACHABLE_CODE = YES;
				CLANG_WARN__DUPLICATE_METHOD_MATCH = YES;
				COPY_PHASE_STRIP = NO;
				DEBUG_INFORMATION_FORMAT = dwarf;
				ENABLE_STRICT_OBJC_MSGSEND = YES;
				ENABLE_TESTABILITY = YES;
				GCC_C_LANGUAGE_STANDARD = gnu11;
				GCC_DYNAMIC_NO_PIC = NO;
				GCC_NO_COMMON_BLOCKS = YES;
				GCC_OPTIMIZATION_LEVEL = 0;
				GCC_PREPROCESSOR_DEFINITIONS = (
					"DEBUG=1",
					"$(inherited)",
				);
				GCC_WARN_64_TO_32_BIT_CONVERSION = YES;
				GCC_WARN_ABOUT_RETURN_TYPE = YES_ERROR;
				GCC_WARN_UNDECLARED_SELECTOR = YES;
				GCC_WARN_UNINITIALIZED_AUTOS = YES_AGGRESSIVE;
				GCC_WARN_UNUSED_FUNCTION = YES;
				GCC_WARN_UNUSED_VARIABLE = YES;
				IPHONEOS_DEPLOYMENT_TARGET = 14.0;
				MTL_ENABLE_DEBUG_INFO = INCLUDE_SOURCE;
				MTL_FAST_MATH = YES;
				ONLY_ACTIVE_ARCH = YES;
				SDKROOT = iphoneos;
				SWIFT_ACTIVE_COMPILATION_CONDITIONS = DEBUG;
				SWIFT_OPTIMIZATION_LEVEL = "-Onone";
			};
			name = Debug;
		};
		3FA66DE62509AE7300DF70B2 /* Release */ = {
			isa = XCBuildConfiguration;
			buildSettings = {
				ALWAYS_SEARCH_USER_PATHS = NO;
				CLANG_ANALYZER_NONNULL = YES;
				CLANG_ANALYZER_NUMBER_OBJECT_CONVERSION = YES_AGGRESSIVE;
				CLANG_CXX_LANGUAGE_STANDARD = "gnu++14";
				CLANG_CXX_LIBRARY = "libc++";
				CLANG_ENABLE_MODULES = YES;
				CLANG_ENABLE_OBJC_ARC = YES;
				CLANG_ENABLE_OBJC_WEAK = YES;
				CLANG_WARN_BLOCK_CAPTURE_AUTORELEASING = YES;
				CLANG_WARN_BOOL_CONVERSION = YES;
				CLANG_WARN_COMMA = YES;
				CLANG_WARN_CONSTANT_CONVERSION = YES;
				CLANG_WARN_DEPRECATED_OBJC_IMPLEMENTATIONS = YES;
				CLANG_WARN_DIRECT_OBJC_ISA_USAGE = YES_ERROR;
				CLANG_WARN_DOCUMENTATION_COMMENTS = YES;
				CLANG_WARN_EMPTY_BODY = YES;
				CLANG_WARN_ENUM_CONVERSION = YES;
				CLANG_WARN_INFINITE_RECURSION = YES;
				CLANG_WARN_INT_CONVERSION = YES;
				CLANG_WARN_NON_LITERAL_NULL_CONVERSION = YES;
				CLANG_WARN_OBJC_IMPLICIT_RETAIN_SELF = YES;
				CLANG_WARN_OBJC_LITERAL_CONVERSION = YES;
				CLANG_WARN_OBJC_ROOT_CLASS = YES_ERROR;
				CLANG_WARN_QUOTED_INCLUDE_IN_FRAMEWORK_HEADER = YES;
				CLANG_WARN_RANGE_LOOP_ANALYSIS = YES;
				CLANG_WARN_STRICT_PROTOTYPES = YES;
				CLANG_WARN_SUSPICIOUS_MOVE = YES;
				CLANG_WARN_UNGUARDED_AVAILABILITY = YES_AGGRESSIVE;
				CLANG_WARN_UNREACHABLE_CODE = YES;
				CLANG_WARN__DUPLICATE_METHOD_MATCH = YES;
				COPY_PHASE_STRIP = NO;
				DEBUG_INFORMATION_FORMAT = "dwarf-with-dsym";
				ENABLE_NS_ASSERTIONS = NO;
				ENABLE_STRICT_OBJC_MSGSEND = YES;
				GCC_C_LANGUAGE_STANDARD = gnu11;
				GCC_NO_COMMON_BLOCKS = YES;
				GCC_WARN_64_TO_32_BIT_CONVERSION = YES;
				GCC_WARN_ABOUT_RETURN_TYPE = YES_ERROR;
				GCC_WARN_UNDECLARED_SELECTOR = YES;
				GCC_WARN_UNINITIALIZED_AUTOS = YES_AGGRESSIVE;
				GCC_WARN_UNUSED_FUNCTION = YES;
				GCC_WARN_UNUSED_VARIABLE = YES;
				IPHONEOS_DEPLOYMENT_TARGET = 14.0;
				MTL_ENABLE_DEBUG_INFO = NO;
				MTL_FAST_MATH = YES;
				SDKROOT = iphoneos;
				SWIFT_COMPILATION_MODE = wholemodule;
				SWIFT_OPTIMIZATION_LEVEL = "-O";
				VALIDATE_PRODUCT = YES;
			};
			name = Release;
		};
		3FA66DE82509AE7300DF70B2 /* Debug */ = {
			isa = XCBuildConfiguration;
			buildSettings = {
				ASSETCATALOG_COMPILER_APPICON_NAME = AppIcon;
				ASSETCATALOG_COMPILER_GLOBAL_ACCENT_COLOR_NAME = AccentColor;
				CODE_SIGN_STYLE = Automatic;
				DEVELOPMENT_ASSET_PATHS = "\"Concentration/Preview Content\"";
				ENABLE_PREVIEWS = YES;
				INFOPLIST_FILE = Concentration/Info.plist;
				IPHONEOS_DEPLOYMENT_TARGET = 14.0;
				LD_RUNPATH_SEARCH_PATHS = (
					"$(inherited)",
					"@executable_path/Frameworks",
				);
				PRODUCT_BUNDLE_IDENTIFIER = aaronjosephhayden.com.Concentration;
				PRODUCT_NAME = "$(TARGET_NAME)";
				SWIFT_VERSION = 5.0;
				TARGETED_DEVICE_FAMILY = "1,2";
			};
			name = Debug;
		};
		3FA66DE92509AE7300DF70B2 /* Release */ = {
			isa = XCBuildConfiguration;
			buildSettings = {
				ASSETCATALOG_COMPILER_APPICON_NAME = AppIcon;
				ASSETCATALOG_COMPILER_GLOBAL_ACCENT_COLOR_NAME = AccentColor;
				CODE_SIGN_STYLE = Automatic;
				DEVELOPMENT_ASSET_PATHS = "\"Concentration/Preview Content\"";
				ENABLE_PREVIEWS = YES;
				INFOPLIST_FILE = Concentration/Info.plist;
				IPHONEOS_DEPLOYMENT_TARGET = 14.0;
				LD_RUNPATH_SEARCH_PATHS = (
					"$(inherited)",
					"@executable_path/Frameworks",
				);
				PRODUCT_BUNDLE_IDENTIFIER = aaronjosephhayden.com.Concentration;
				PRODUCT_NAME = "$(TARGET_NAME)";
				SWIFT_VERSION = 5.0;
				TARGETED_DEVICE_FAMILY = "1,2";
			};
			name = Release;
		};
		3FA66DEB2509AE7300DF70B2 /* Debug */ = {
			isa = XCBuildConfiguration;
			buildSettings = {
				ALWAYS_EMBED_SWIFT_STANDARD_LIBRARIES = YES;
				BUNDLE_LOADER = "$(TEST_HOST)";
				CODE_SIGN_STYLE = Automatic;
				INFOPLIST_FILE = ConcentrationTests/Info.plist;
				IPHONEOS_DEPLOYMENT_TARGET = 14.0;
				LD_RUNPATH_SEARCH_PATHS = (
					"$(inherited)",
					"@executable_path/Frameworks",
					"@loader_path/Frameworks",
				);
				PRODUCT_BUNDLE_IDENTIFIER = aaronjosephhayden.com.ConcentrationTests;
				PRODUCT_NAME = "$(TARGET_NAME)";
				SWIFT_VERSION = 5.0;
				TARGETED_DEVICE_FAMILY = "1,2";
				TEST_HOST = "$(BUILT_PRODUCTS_DIR)/Concentration.app/Concentration";
			};
			name = Debug;
		};
		3FA66DEC2509AE7300DF70B2 /* Release */ = {
			isa = XCBuildConfiguration;
			buildSettings = {
				ALWAYS_EMBED_SWIFT_STANDARD_LIBRARIES = YES;
				BUNDLE_LOADER = "$(TEST_HOST)";
				CODE_SIGN_STYLE = Automatic;
				INFOPLIST_FILE = ConcentrationTests/Info.plist;
				IPHONEOS_DEPLOYMENT_TARGET = 14.0;
				LD_RUNPATH_SEARCH_PATHS = (
					"$(inherited)",
					"@executable_path/Frameworks",
					"@loader_path/Frameworks",
				);
				PRODUCT_BUNDLE_IDENTIFIER = aaronjosephhayden.com.ConcentrationTests;
				PRODUCT_NAME = "$(TARGET_NAME)";
				SWIFT_VERSION = 5.0;
				TARGETED_DEVICE_FAMILY = "1,2";
				TEST_HOST = "$(BUILT_PRODUCTS_DIR)/Concentration.app/Concentration";
			};
			name = Release;
		};
		3FA66DEE2509AE7300DF70B2 /* Debug */ = {
			isa = XCBuildConfiguration;
			buildSettings = {
				ALWAYS_EMBED_SWIFT_STANDARD_LIBRARIES = YES;
				CODE_SIGN_STYLE = Automatic;
				INFOPLIST_FILE = ConcentrationUITests/Info.plist;
				LD_RUNPATH_SEARCH_PATHS = (
					"$(inherited)",
					"@executable_path/Frameworks",
					"@loader_path/Frameworks",
				);
				PRODUCT_BUNDLE_IDENTIFIER = aaronjosephhayden.com.ConcentrationUITests;
				PRODUCT_NAME = "$(TARGET_NAME)";
				SWIFT_VERSION = 5.0;
				TARGETED_DEVICE_FAMILY = "1,2";
				TEST_TARGET_NAME = Concentration;
			};
			name = Debug;
		};
		3FA66DEF2509AE7300DF70B2 /* Release */ = {
			isa = XCBuildConfiguration;
			buildSettings = {
				ALWAYS_EMBED_SWIFT_STANDARD_LIBRARIES = YES;
				CODE_SIGN_STYLE = Automatic;
				INFOPLIST_FILE = ConcentrationUITests/Info.plist;
				LD_RUNPATH_SEARCH_PATHS = (
					"$(inherited)",
					"@executable_path/Frameworks",
					"@loader_path/Frameworks",
				);
				PRODUCT_BUNDLE_IDENTIFIER = aaronjosephhayden.com.ConcentrationUITests;
				PRODUCT_NAME = "$(TARGET_NAME)";
				SWIFT_VERSION = 5.0;
				TARGETED_DEVICE_FAMILY = "1,2";
				TEST_TARGET_NAME = Concentration;
			};
			name = Release;
		};
/* End XCBuildConfiguration section */

/* Begin XCConfigurationList section */
		3FA66DBD2509AE7200DF70B2 /* Build configuration list for PBXProject "Concentration" */ = {
			isa = XCConfigurationList;
			buildConfigurations = (
				3FA66DE52509AE7300DF70B2 /* Debug */,
				3FA66DE62509AE7300DF70B2 /* Release */,
			);
			defaultConfigurationIsVisible = 0;
			defaultConfigurationName = Release;
		};
		3FA66DE72509AE7300DF70B2 /* Build configuration list for PBXNativeTarget "Concentration" */ = {
			isa = XCConfigurationList;
			buildConfigurations = (
				3FA66DE82509AE7300DF70B2 /* Debug */,
				3FA66DE92509AE7300DF70B2 /* Release */,
			);
			defaultConfigurationIsVisible = 0;
			defaultConfigurationName = Release;
		};
		3FA66DEA2509AE7300DF70B2 /* Build configuration list for PBXNativeTarget "ConcentrationTests" */ = {
			isa = XCConfigurationList;
			buildConfigurations = (
				3FA66DEB2509AE7300DF70B2 /* Debug */,
				3FA66DEC2509AE7300DF70B2 /* Release */,
			);
			defaultConfigurationIsVisible = 0;
			defaultConfigurationName = Release;
		};
		3FA66DED2509AE7300DF70B2 /* Build configuration list for PBXNativeTarget "ConcentrationUITests" */ = {
			isa = XCConfigurationList;
			buildConfigurations = (
				3FA66DEE2509AE7300DF70B2 /* Debug */,
				3FA66DEF2509AE7300DF70B2 /* Release */,
			);
			defaultConfigurationIsVisible = 0;
			defaultConfigurationName = Release;
		};
/* End XCConfigurationList section */
	};
	rootObject = 3FA66DBA2509AE7200DF70B2 /* Project object */;
}
