// !$*UTF8*$!
{
	archiveVersion = 1;
	classes = {
	};
	objectVersion = 50;
	objects = {

/* Begin PBXBuildFile section */
		3FA66E09250A903B00DF70B2 /* calculatorApp.swift in Sources */ = {isa = PBXBuildFile; fileRef = 3FA66E08250A903B00DF70B2 /* calculatorApp.swift */; };
		3FA66E0B250A903B00DF70B2 /* ContentView.swift in Sources */ = {isa = PBXBuildFile; fileRef = 3FA66E0A250A903B00DF70B2 /* ContentView.swift */; };
		3FA66E0D250A903C00DF70B2 /* Assets.xcassets in Resources */ = {isa = PBXBuildFile; fileRef = 3FA66E0C250A903C00DF70B2 /* Assets.xcassets */; };
		3FA66E10250A903C00DF70B2 /* Preview Assets.xcassets in Resources */ = {isa = PBXBuildFile; fileRef = 3FA66E0F250A903C00DF70B2 /* Preview Assets.xcassets */; };
		3FA66E1B250A903D00DF70B2 /* calculatorTests.swift in Sources */ = {isa = PBXBuildFile; fileRef = 3FA66E1A250A903D00DF70B2 /* calculatorTests.swift */; };
		3FA66E26250A903D00DF70B2 /* calculatorUITests.swift in Sources */ = {isa = PBXBuildFile; fileRef = 3FA66E25250A903D00DF70B2 /* calculatorUITests.swift */; };
		3FA66E34250A9DE900DF70B2 /* calculations.swift in Sources */ = {isa = PBXBuildFile; fileRef = 3FA66E33250A9DE900DF70B2 /* calculations.swift */; };
/* End PBXBuildFile section */

/* Begin PBXContainerItemProxy section */
		3FA66E17250A903D00DF70B2 /* PBXContainerItemProxy */ = {
			isa = PBXContainerItemProxy;
			containerPortal = 3FA66DFD250A903B00DF70B2 /* Project object */;
			proxyType = 1;
			remoteGlobalIDString = 3FA66E04250A903B00DF70B2;
			remoteInfo = calculator;
		};
		3FA66E22250A903D00DF70B2 /* PBXContainerItemProxy */ = {
			isa = PBXContainerItemProxy;
			containerPortal = 3FA66DFD250A903B00DF70B2 /* Project object */;
			proxyType = 1;
			remoteGlobalIDString = 3FA66E04250A903B00DF70B2;
			remoteInfo = calculator;
		};
/* End PBXContainerItemProxy section */

/* Begin PBXFileReference section */
		3FA66E05250A903B00DF70B2 /* calculator.app */ = {isa = PBXFileReference; explicitFileType = wrapper.application; includeInIndex = 0; path = calculator.app; sourceTree = BUILT_PRODUCTS_DIR; };
		3FA66E08250A903B00DF70B2 /* calculatorApp.swift */ = {isa = PBXFileReference; lastKnownFileType = sourcecode.swift; path = calculatorApp.swift; sourceTree = "<group>"; };
		3FA66E0A250A903B00DF70B2 /* ContentView.swift */ = {isa = PBXFileReference; lastKnownFileType = sourcecode.swift; path = ContentView.swift; sourceTree = "<group>"; };
		3FA66E0C250A903C00DF70B2 /* Assets.xcassets */ = {isa = PBXFileReference; lastKnownFileType = folder.assetcatalog; path = Assets.xcassets; sourceTree = "<group>"; };
		3FA66E0F250A903C00DF70B2 /* Preview Assets.xcassets */ = {isa = PBXFileReference; lastKnownFileType = folder.assetcatalog; path = "Preview Assets.xcassets"; sourceTree = "<group>"; };
		3FA66E11250A903C00DF70B2 /* Info.plist */ = {isa = PBXFileReference; lastKnownFileType = text.plist.xml; path = Info.plist; sourceTree = "<group>"; };
		3FA66E16250A903D00DF70B2 /* calculatorTests.xctest */ = {isa = PBXFileReference; explicitFileType = wrapper.cfbundle; includeInIndex = 0; path = calculatorTests.xctest; sourceTree = BUILT_PRODUCTS_DIR; };
		3FA66E1A250A903D00DF70B2 /* calculatorTests.swift */ = {isa = PBXFileReference; lastKnownFileType = sourcecode.swift; path = calculatorTests.swift; sourceTree = "<group>"; };
		3FA66E1C250A903D00DF70B2 /* Info.plist */ = {isa = PBXFileReference; lastKnownFileType = text.plist.xml; path = Info.plist; sourceTree = "<group>"; };
		3FA66E21250A903D00DF70B2 /* calculatorUITests.xctest */ = {isa = PBXFileReference; explicitFileType = wrapper.cfbundle; includeInIndex = 0; path = calculatorUITests.xctest; sourceTree = BUILT_PRODUCTS_DIR; };
		3FA66E25250A903D00DF70B2 /* calculatorUITests.swift */ = {isa = PBXFileReference; lastKnownFileType = sourcecode.swift; path = calculatorUITests.swift; sourceTree = "<group>"; };
		3FA66E27250A903D00DF70B2 /* Info.plist */ = {isa = PBXFileReference; lastKnownFileType = text.plist.xml; path = Info.plist; sourceTree = "<group>"; };
		3FA66E33250A9DE900DF70B2 /* calculations.swift */ = {isa = PBXFileReference; lastKnownFileType = sourcecode.swift; path = calculations.swift; sourceTree = "<group>"; };
/* End PBXFileReference section */

/* Begin PBXFrameworksBuildPhase section */
		3FA66E02250A903B00DF70B2 /* Frameworks */ = {
			isa = PBXFrameworksBuildPhase;
			buildActionMask = 2147483647;
			files = (
			);
			runOnlyForDeploymentPostprocessing = 0;
		};
		3FA66E13250A903D00DF70B2 /* Frameworks */ = {
			isa = PBXFrameworksBuildPhase;
			buildActionMask = 2147483647;
			files = (
			);
			runOnlyForDeploymentPostprocessing = 0;
		};
		3FA66E1E250A903D00DF70B2 /* Frameworks */ = {
			isa = PBXFrameworksBuildPhase;
			buildActionMask = 2147483647;
			files = (
			);
			runOnlyForDeploymentPostprocessing = 0;
		};
/* End PBXFrameworksBuildPhase section */

/* Begin PBXGroup section */
		3FA66DFC250A903B00DF70B2 = {
			isa = PBXGroup;
			children = (
				3FA66E07250A903B00DF70B2 /* calculator */,
				3FA66E19250A903D00DF70B2 /* calculatorTests */,
				3FA66E24250A903D00DF70B2 /* calculatorUITests */,
				3FA66E06250A903B00DF70B2 /* Products */,
			);
			sourceTree = "<group>";
		};
		3FA66E06250A903B00DF70B2 /* Products */ = {
			isa = PBXGroup;
			children = (
				3FA66E05250A903B00DF70B2 /* calculator.app */,
				3FA66E16250A903D00DF70B2 /* calculatorTests.xctest */,
				3FA66E21250A903D00DF70B2 /* calculatorUITests.xctest */,
			);
			name = Products;
			sourceTree = "<group>";
		};
		3FA66E07250A903B00DF70B2 /* calculator */ = {
			isa = PBXGroup;
			children = (
				3FA66E08250A903B00DF70B2 /* calculatorApp.swift */,
				3FA66E0A250A903B00DF70B2 /* ContentView.swift */,
				3FA66E33250A9DE900DF70B2 /* calculations.swift */,
				3FA66E0C250A903C00DF70B2 /* Assets.xcassets */,
				3FA66E11250A903C00DF70B2 /* Info.plist */,
				3FA66E0E250A903C00DF70B2 /* Preview Content */,
			);
			path = calculator;
			sourceTree = "<group>";
		};
		3FA66E0E250A903C00DF70B2 /* Preview Content */ = {
			isa = PBXGroup;
			children = (
				3FA66E0F250A903C00DF70B2 /* Preview Assets.xcassets */,
			);
			path = "Preview Content";
			sourceTree = "<group>";
		};
		3FA66E19250A903D00DF70B2 /* calculatorTests */ = {
			isa = PBXGroup;
			children = (
				3FA66E1A250A903D00DF70B2 /* calculatorTests.swift */,
				3FA66E1C250A903D00DF70B2 /* Info.plist */,
			);
			path = calculatorTests;
			sourceTree = "<group>";
		};
		3FA66E24250A903D00DF70B2 /* calculatorUITests */ = {
			isa = PBXGroup;
			children = (
				3FA66E25250A903D00DF70B2 /* calculatorUITests.swift */,
				3FA66E27250A903D00DF70B2 /* Info.plist */,
			);
			path = calculatorUITests;
			sourceTree = "<group>";
		};
/* End PBXGroup section */

/* Begin PBXNativeTarget section */
		3FA66E04250A903B00DF70B2 /* calculator */ = {
			isa = PBXNativeTarget;
			buildConfigurationList = 3FA66E2A250A903D00DF70B2 /* Build configuration list for PBXNativeTarget "calculator" */;
			buildPhases = (
				3FA66E01250A903B00DF70B2 /* Sources */,
				3FA66E02250A903B00DF70B2 /* Frameworks */,
				3FA66E03250A903B00DF70B2 /* Resources */,
			);
			buildRules = (
			);
			dependencies = (
			);
			name = calculator;
			productName = calculator;
			productReference = 3FA66E05250A903B00DF70B2 /* calculator.app */;
			productType = "com.apple.product-type.application";
		};
		3FA66E15250A903D00DF70B2 /* calculatorTests */ = {
			isa = PBXNativeTarget;
			buildConfigurationList = 3FA66E2D250A903D00DF70B2 /* Build configuration list for PBXNativeTarget "calculatorTests" */;
			buildPhases = (
				3FA66E12250A903D00DF70B2 /* Sources */,
				3FA66E13250A903D00DF70B2 /* Frameworks */,
				3FA66E14250A903D00DF70B2 /* Resources */,
			);
			buildRules = (
			);
			dependencies = (
				3FA66E18250A903D00DF70B2 /* PBXTargetDependency */,
			);
			name = calculatorTests;
			productName = calculatorTests;
			productReference = 3FA66E16250A903D00DF70B2 /* calculatorTests.xctest */;
			productType = "com.apple.product-type.bundle.unit-test";
		};
		3FA66E20250A903D00DF70B2 /* calculatorUITests */ = {
			isa = PBXNativeTarget;
			buildConfigurationList = 3FA66E30250A903D00DF70B2 /* Build configuration list for PBXNativeTarget "calculatorUITests" */;
			buildPhases = (
				3FA66E1D250A903D00DF70B2 /* Sources */,
				3FA66E1E250A903D00DF70B2 /* Frameworks */,
				3FA66E1F250A903D00DF70B2 /* Resources */,
			);
			buildRules = (
			);
			dependencies = (
				3FA66E23250A903D00DF70B2 /* PBXTargetDependency */,
			);
			name = calculatorUITests;
			productName = calculatorUITests;
			productReference = 3FA66E21250A903D00DF70B2 /* calculatorUITests.xctest */;
			productType = "com.apple.product-type.bundle.ui-testing";
		};
/* End PBXNativeTarget section */

/* Begin PBXProject section */
		3FA66DFD250A903B00DF70B2 /* Project object */ = {
			isa = PBXProject;
			attributes = {
				LastSwiftUpdateCheck = 1200;
				LastUpgradeCheck = 1200;
				TargetAttributes = {
					3FA66E04250A903B00DF70B2 = {
						CreatedOnToolsVersion = 12.0;
					};
					3FA66E15250A903D00DF70B2 = {
						CreatedOnToolsVersion = 12.0;
						TestTargetID = 3FA66E04250A903B00DF70B2;
					};
					3FA66E20250A903D00DF70B2 = {
						CreatedOnToolsVersion = 12.0;
						TestTargetID = 3FA66E04250A903B00DF70B2;
					};
				};
			};
			buildConfigurationList = 3FA66E00250A903B00DF70B2 /* Build configuration list for PBXProject "calculator" */;
			compatibilityVersion = "Xcode 9.3";
			developmentRegion = en;
			hasScannedForEncodings = 0;
			knownRegions = (
				en,
				Base,
			);
			mainGroup = 3FA66DFC250A903B00DF70B2;
			productRefGroup = 3FA66E06250A903B00DF70B2 /* Products */;
			projectDirPath = "";
			projectRoot = "";
			targets = (
				3FA66E04250A903B00DF70B2 /* calculator */,
				3FA66E15250A903D00DF70B2 /* calculatorTests */,
				3FA66E20250A903D00DF70B2 /* calculatorUITests */,
			);
		};
/* End PBXProject section */

/* Begin PBXResourcesBuildPhase section */
		3FA66E03250A903B00DF70B2 /* Resources */ = {
			isa = PBXResourcesBuildPhase;
			buildActionMask = 2147483647;
			files = (
				3FA66E10250A903C00DF70B2 /* Preview Assets.xcassets in Resources */,
				3FA66E0D250A903C00DF70B2 /* Assets.xcassets in Resources */,
			);
			runOnlyForDeploymentPostprocessing = 0;
		};
		3FA66E14250A903D00DF70B2 /* Resources */ = {
			isa = PBXResourcesBuildPhase;
			buildActionMask = 2147483647;
			files = (
			);
			runOnlyForDeploymentPostprocessing = 0;
		};
		3FA66E1F250A903D00DF70B2 /* Resources */ = {
			isa = PBXResourcesBuildPhase;
			buildActionMask = 2147483647;
			files = (
			);
			runOnlyForDeploymentPostprocessing = 0;
		};
/* End PBXResourcesBuildPhase section */

/* Begin PBXSourcesBuildPhase section */
		3FA66E01250A903B00DF70B2 /* Sources */ = {
			isa = PBXSourcesBuildPhase;
			buildActionMask = 2147483647;
			files = (
				3FA66E0B250A903B00DF70B2 /* ContentView.swift in Sources */,
				3FA66E34250A9DE900DF70B2 /* calculations.swift in Sources */,
				3FA66E09250A903B00DF70B2 /* calculatorApp.swift in Sources */,
			);
			runOnlyForDeploymentPostprocessing = 0;
		};
		3FA66E12250A903D00DF70B2 /* Sources */ = {
			isa = PBXSourcesBuildPhase;
			buildActionMask = 2147483647;
			files = (
				3FA66E1B250A903D00DF70B2 /* calculatorTests.swift in Sources */,
			);
			runOnlyForDeploymentPostprocessing = 0;
		};
		3FA66E1D250A903D00DF70B2 /* Sources */ = {
			isa = PBXSourcesBuildPhase;
			buildActionMask = 2147483647;
			files = (
				3FA66E26250A903D00DF70B2 /* calculatorUITests.swift in Sources */,
			);
			runOnlyForDeploymentPostprocessing = 0;
		};
/* End PBXSourcesBuildPhase section */

/* Begin PBXTargetDependency section */
		3FA66E18250A903D00DF70B2 /* PBXTargetDependency */ = {
			isa = PBXTargetDependency;
			target = 3FA66E04250A903B00DF70B2 /* calculator */;
			targetProxy = 3FA66E17250A903D00DF70B2 /* PBXContainerItemProxy */;
		};
		3FA66E23250A903D00DF70B2 /* PBXTargetDependency */ = {
			isa = PBXTargetDependency;
			target = 3FA66E04250A903B00DF70B2 /* calculator */;
			targetProxy = 3FA66E22250A903D00DF70B2 /* PBXContainerItemProxy */;
		};
/* End PBXTargetDependency section */

/* Begin XCBuildConfiguration section */
		3FA66E28250A903D00DF70B2 /* Debug */ = {
			isa = XCBuildConfiguration;
			buildSettings = {
				ALWAYS_SEARCH_USER_PATHS = NO;
				CLANG_ANALYZER_NONNULL = YES;
				CLANG_ANALYZER_NUMBER_OBJECT_CONVERSION = YES_AGGRESSIVE;
				CLANG_CXX_LANGUAGE_STANDARD = "gnu++14";
				CLANG_CXX_LIBRARY = "libc++";
				CLANG_ENABLE_MODULES = YES;
				CLANG_ENABLE_OBJC_ARC = YES;
				CLANG_ENABLE_OBJC_WEAK = YES;
				CLANG_WARN_BLOCK_CAPTURE_AUTORELEASING = YES;
				CLANG_WARN_BOOL_CONVERSION = YES;
				CLANG_WARN_COMMA = YES;
				CLANG_WARN_CONSTANT_CONVERSION = YES;
				CLANG_WARN_DEPRECATED_OBJC_IMPLEMENTATIONS = YES;
				CLANG_WARN_DIRECT_OBJC_ISA_USAGE = YES_ERROR;
				CLANG_WARN_DOCUMENTATION_COMMENTS = YES;
				CLANG_WARN_EMPTY_BODY = YES;
				CLANG_WARN_ENUM_CONVERSION = YES;
				CLANG_WARN_INFINITE_RECURSION = YES;
				CLANG_WARN_INT_CONVERSION = YES;
				CLANG_WARN_NON_LITERAL_NULL_CONVERSION = YES;
				CLANG_WARN_OBJC_IMPLICIT_RETAIN_SELF = YES;
				CLANG_WARN_OBJC_LITERAL_CONVERSION = YES;
				CLANG_WARN_OBJC_ROOT_CLASS = YES_ERROR;
				CLANG_WARN_QUOTED_INCLUDE_IN_FRAMEWORK_HEADER = YES;
				CLANG_WARN_RANGE_LOOP_ANALYSIS = YES;
				CLANG_WARN_STRICT_PROTOTYPES = YES;
				CLANG_WARN_SUSPICIOUS_MOVE = YES;
				CLANG_WARN_UNGUARDED_AVAILABILITY = YES_AGGRESSIVE;
				CLANG_WARN_UNREACHABLE_CODE = YES;
				CLANG_WARN__DUPLICATE_METHOD_MATCH = YES;
				COPY_PHASE_STRIP = NO;
				DEBUG_INFORMATION_FORMAT = dwarf;
				ENABLE_STRICT_OBJC_MSGSEND = YES;
				ENABLE_TESTABILITY = YES;
				GCC_C_LANGUAGE_STANDARD = gnu11;
				GCC_DYNAMIC_NO_PIC = NO;
				GCC_NO_COMMON_BLOCKS = YES;
				GCC_OPTIMIZATION_LEVEL = 0;
				GCC_PREPROCESSOR_DEFINITIONS = (
					"DEBUG=1",
					"$(inherited)",
				);
				GCC_WARN_64_TO_32_BIT_CONVERSION = YES;
				GCC_WARN_ABOUT_RETURN_TYPE = YES_ERROR;
				GCC_WARN_UNDECLARED_SELECTOR = YES;
				GCC_WARN_UNINITIALIZED_AUTOS = YES_AGGRESSIVE;
				GCC_WARN_UNUSED_FUNCTION = YES;
				GCC_WARN_UNUSED_VARIABLE = YES;
				IPHONEOS_DEPLOYMENT_TARGET = 14.0;
				MTL_ENABLE_DEBUG_INFO = INCLUDE_SOURCE;
				MTL_FAST_MATH = YES;
				ONLY_ACTIVE_ARCH = YES;
				SDKROOT = iphoneos;
				SWIFT_ACTIVE_COMPILATION_CONDITIONS = DEBUG;
				SWIFT_OPTIMIZATION_LEVEL = "-Onone";
			};
			name = Debug;
		};
		3FA66E29250A903D00DF70B2 /* Release */ = {
			isa = XCBuildConfiguration;
			buildSettings = {
				ALWAYS_SEARCH_USER_PATHS = NO;
				CLANG_ANALYZER_NONNULL = YES;
				CLANG_ANALYZER_NUMBER_OBJECT_CONVERSION = YES_AGGRESSIVE;
				CLANG_CXX_LANGUAGE_STANDARD = "gnu++14";
				CLANG_CXX_LIBRARY = "libc++";
				CLANG_ENABLE_MODULES = YES;
				CLANG_ENABLE_OBJC_ARC = YES;
				CLANG_ENABLE_OBJC_WEAK = YES;
				CLANG_WARN_BLOCK_CAPTURE_AUTORELEASING = YES;
				CLANG_WARN_BOOL_CONVERSION = YES;
				CLANG_WARN_COMMA = YES;
				CLANG_WARN_CONSTANT_CONVERSION = YES;
				CLANG_WARN_DEPRECATED_OBJC_IMPLEMENTATIONS = YES;
				CLANG_WARN_DIRECT_OBJC_ISA_USAGE = YES_ERROR;
				CLANG_WARN_DOCUMENTATION_COMMENTS = YES;
				CLANG_WARN_EMPTY_BODY = YES;
				CLANG_WARN_ENUM_CONVERSION = YES;
				CLANG_WARN_INFINITE_RECURSION = YES;
				CLANG_WARN_INT_CONVERSION = YES;
				CLANG_WARN_NON_LITERAL_NULL_CONVERSION = YES;
				CLANG_WARN_OBJC_IMPLICIT_RETAIN_SELF = YES;
				CLANG_WARN_OBJC_LITERAL_CONVERSION = YES;
				CLANG_WARN_OBJC_ROOT_CLASS = YES_ERROR;
				CLANG_WARN_QUOTED_INCLUDE_IN_FRAMEWORK_HEADER = YES;
				CLANG_WARN_RANGE_LOOP_ANALYSIS = YES;
				CLANG_WARN_STRICT_PROTOTYPES = YES;
				CLANG_WARN_SUSPICIOUS_MOVE = YES;
				CLANG_WARN_UNGUARDED_AVAILABILITY = YES_AGGRESSIVE;
				CLANG_WARN_UNREACHABLE_CODE = YES;
				CLANG_WARN__DUPLICATE_METHOD_MATCH = YES;
				COPY_PHASE_STRIP = NO;
				DEBUG_INFORMATION_FORMAT = "dwarf-with-dsym";
				ENABLE_NS_ASSERTIONS = NO;
				ENABLE_STRICT_OBJC_MSGSEND = YES;
				GCC_C_LANGUAGE_STANDARD = gnu11;
				GCC_NO_COMMON_BLOCKS = YES;
				GCC_WARN_64_TO_32_BIT_CONVERSION = YES;
				GCC_WARN_ABOUT_RETURN_TYPE = YES_ERROR;
				GCC_WARN_UNDECLARED_SELECTOR = YES;
				GCC_WARN_UNINITIALIZED_AUTOS = YES_AGGRESSIVE;
				GCC_WARN_UNUSED_FUNCTION = YES;
				GCC_WARN_UNUSED_VARIABLE = YES;
				IPHONEOS_DEPLOYMENT_TARGET = 14.0;
				MTL_ENABLE_DEBUG_INFO = NO;
				MTL_FAST_MATH = YES;
				SDKROOT = iphoneos;
				SWIFT_COMPILATION_MODE = wholemodule;
				SWIFT_OPTIMIZATION_LEVEL = "-O";
				VALIDATE_PRODUCT = YES;
			};
			name = Release;
		};
		3FA66E2B250A903D00DF70B2 /* Debug */ = {
			isa = XCBuildConfiguration;
			buildSettings = {
				ASSETCATALOG_COMPILER_APPICON_NAME = AppIcon;
				ASSETCATALOG_COMPILER_GLOBAL_ACCENT_COLOR_NAME = AccentColor;
				CODE_SIGN_STYLE = Automatic;
				DEVELOPMENT_ASSET_PATHS = "\"calculator/Preview Content\"";
				ENABLE_PREVIEWS = YES;
				INFOPLIST_FILE = calculator/Info.plist;
				IPHONEOS_DEPLOYMENT_TARGET = 14.0;
				LD_RUNPATH_SEARCH_PATHS = (
					"$(inherited)",
					"@executable_path/Frameworks",
				);
				PRODUCT_BUNDLE_IDENTIFIER = aaronjosephhayden.com.calculator;
				PRODUCT_NAME = "$(TARGET_NAME)";
				SWIFT_VERSION = 5.0;
				TARGETED_DEVICE_FAMILY = "1,2";
			};
			name = Debug;
		};
		3FA66E2C250A903D00DF70B2 /* Release */ = {
			isa = XCBuildConfiguration;
			buildSettings = {
				ASSETCATALOG_COMPILER_APPICON_NAME = AppIcon;
				ASSETCATALOG_COMPILER_GLOBAL_ACCENT_COLOR_NAME = AccentColor;
				CODE_SIGN_STYLE = Automatic;
				DEVELOPMENT_ASSET_PATHS = "\"calculator/Preview Content\"";
				ENABLE_PREVIEWS = YES;
				INFOPLIST_FILE = calculator/Info.plist;
				IPHONEOS_DEPLOYMENT_TARGET = 14.0;
				LD_RUNPATH_SEARCH_PATHS = (
					"$(inherited)",
					"@executable_path/Frameworks",
				);
				PRODUCT_BUNDLE_IDENTIFIER = aaronjosephhayden.com.calculator;
				PRODUCT_NAME = "$(TARGET_NAME)";
				SWIFT_VERSION = 5.0;
				TARGETED_DEVICE_FAMILY = "1,2";
			};
			name = Release;
		};
		3FA66E2E250A903D00DF70B2 /* Debug */ = {
			isa = XCBuildConfiguration;
			buildSettings = {
				ALWAYS_EMBED_SWIFT_STANDARD_LIBRARIES = YES;
				BUNDLE_LOADER = "$(TEST_HOST)";
				CODE_SIGN_STYLE = Automatic;
				INFOPLIST_FILE = calculatorTests/Info.plist;
				IPHONEOS_DEPLOYMENT_TARGET = 14.0;
				LD_RUNPATH_SEARCH_PATHS = (
					"$(inherited)",
					"@executable_path/Frameworks",
					"@loader_path/Frameworks",
				);
				PRODUCT_BUNDLE_IDENTIFIER = aaronjosephhayden.com.calculatorTests;
				PRODUCT_NAME = "$(TARGET_NAME)";
				SWIFT_VERSION = 5.0;
				TARGETED_DEVICE_FAMILY = "1,2";
				TEST_HOST = "$(BUILT_PRODUCTS_DIR)/calculator.app/calculator";
			};
			name = Debug;
		};
		3FA66E2F250A903D00DF70B2 /* Release */ = {
			isa = XCBuildConfiguration;
			buildSettings = {
				ALWAYS_EMBED_SWIFT_STANDARD_LIBRARIES = YES;
				BUNDLE_LOADER = "$(TEST_HOST)";
				CODE_SIGN_STYLE = Automatic;
				INFOPLIST_FILE = calculatorTests/Info.plist;
				IPHONEOS_DEPLOYMENT_TARGET = 14.0;
				LD_RUNPATH_SEARCH_PATHS = (
					"$(inherited)",
					"@executable_path/Frameworks",
					"@loader_path/Frameworks",
				);
				PRODUCT_BUNDLE_IDENTIFIER = aaronjosephhayden.com.calculatorTests;
				PRODUCT_NAME = "$(TARGET_NAME)";
				SWIFT_VERSION = 5.0;
				TARGETED_DEVICE_FAMILY = "1,2";
				TEST_HOST = "$(BUILT_PRODUCTS_DIR)/calculator.app/calculator";
			};
			name = Release;
		};
		3FA66E31250A903D00DF70B2 /* Debug */ = {
			isa = XCBuildConfiguration;
			buildSettings = {
				ALWAYS_EMBED_SWIFT_STANDARD_LIBRARIES = YES;
				CODE_SIGN_STYLE = Automatic;
				INFOPLIST_FILE = calculatorUITests/Info.plist;
				LD_RUNPATH_SEARCH_PATHS = (
					"$(inherited)",
					"@executable_path/Frameworks",
					"@loader_path/Frameworks",
				);
				PRODUCT_BUNDLE_IDENTIFIER = aaronjosephhayden.com.calculatorUITests;
				PRODUCT_NAME = "$(TARGET_NAME)";
				SWIFT_VERSION = 5.0;
				TARGETED_DEVICE_FAMILY = "1,2";
				TEST_TARGET_NAME = calculator;
			};
			name = Debug;
		};
		3FA66E32250A903D00DF70B2 /* Release */ = {
			isa = XCBuildConfiguration;
			buildSettings = {
				ALWAYS_EMBED_SWIFT_STANDARD_LIBRARIES = YES;
				CODE_SIGN_STYLE = Automatic;
				INFOPLIST_FILE = calculatorUITests/Info.plist;
				LD_RUNPATH_SEARCH_PATHS = (
					"$(inherited)",
					"@executable_path/Frameworks",
					"@loader_path/Frameworks",
				);
				PRODUCT_BUNDLE_IDENTIFIER = aaronjosephhayden.com.calculatorUITests;
				PRODUCT_NAME = "$(TARGET_NAME)";
				SWIFT_VERSION = 5.0;
				TARGETED_DEVICE_FAMILY = "1,2";
				TEST_TARGET_NAME = calculator;
			};
			name = Release;
		};
/* End XCBuildConfiguration section */

/* Begin XCConfigurationList section */
		3FA66E00250A903B00DF70B2 /* Build configuration list for PBXProject "calculator" */ = {
			isa = XCConfigurationList;
			buildConfigurations = (
				3FA66E28250A903D00DF70B2 /* Debug */,
				3FA66E29250A903D00DF70B2 /* Release */,
			);
			defaultConfigurationIsVisible = 0;
			defaultConfigurationName = Release;
		};
		3FA66E2A250A903D00DF70B2 /* Build configuration list for PBXNativeTarget "calculator" */ = {
			isa = XCConfigurationList;
			buildConfigurations = (
				3FA66E2B250A903D00DF70B2 /* Debug */,
				3FA66E2C250A903D00DF70B2 /* Release */,
			);
			defaultConfigurationIsVisible = 0;
			defaultConfigurationName = Release;
		};
		3FA66E2D250A903D00DF70B2 /* Build configuration list for PBXNativeTarget "calculatorTests" */ = {
			isa = XCConfigurationList;
			buildConfigurations = (
				3FA66E2E250A903D00DF70B2 /* Debug */,
				3FA66E2F250A903D00DF70B2 /* Release */,
			);
			defaultConfigurationIsVisible = 0;
			defaultConfigurationName = Release;
		};
		3FA66E30250A903D00DF70B2 /* Build configuration list for PBXNativeTarget "calculatorUITests" */ = {
			isa = XCConfigurationList;
			buildConfigurations = (
				3FA66E31250A903D00DF70B2 /* Debug */,
				3FA66E32250A903D00DF70B2 /* Release */,
			);
			defaultConfigurationIsVisible = 0;
			defaultConfigurationName = Release;
		};
/* End XCConfigurationList section */
	};
	rootObject = 3FA66DFD250A903B00DF70B2 /* Project object */;
}
