// !$*UTF8*$!
{
	archiveVersion = 1;
	classes = {
	};
	objectVersion = 50;
	objects = {

/* Begin PBXBuildFile section */
		3FD397F1252F5D88006E7195 /* EmojiArtApp.swift in Sources */ = {isa = PBXBuildFile; fileRef = 3FD397F0252F5D88006E7195 /* EmojiArtApp.swift */; };
		3FD397F3252F5D88006E7195 /* EmojiArtDocumentView.swift in Sources */ = {isa = PBXBuildFile; fileRef = 3FD397F2252F5D88006E7195 /* EmojiArtDocumentView.swift */; };
		3FD397F5252F5D8F006E7195 /* Assets.xcassets in Resources */ = {isa = PBXBuildFile; fileRef = 3FD397F4252F5D8F006E7195 /* Assets.xcassets */; };
		3FD397F8252F5D8F006E7195 /* Preview Assets.xcassets in Resources */ = {isa = PBXBuildFile; fileRef = 3FD397F7252F5D8F006E7195 /* Preview Assets.xcassets */; };
		3FD39803252F5D8F006E7195 /* EmojiArtTests.swift in Sources */ = {isa = PBXBuildFile; fileRef = 3FD39802252F5D8F006E7195 /* EmojiArtTests.swift */; };
		3FD3980E252F5D8F006E7195 /* EmojiArtUITests.swift in Sources */ = {isa = PBXBuildFile; fileRef = 3FD3980D252F5D8F006E7195 /* EmojiArtUITests.swift */; };
		3FD3981C252F5DC9006E7195 /* EmojiArtDocument.swift in Sources */ = {isa = PBXBuildFile; fileRef = 3FD3981B252F5DC9006E7195 /* EmojiArtDocument.swift */; };
		3FD3981E252F623C006E7195 /* EmojiArt+Extensions.swift in Sources */ = {isa = PBXBuildFile; fileRef = 3FD3981D252F623C006E7195 /* EmojiArt+Extensions.swift */; };
		3FD398222535ED29006E7195 /* EmojiArt.swift in Sources */ = {isa = PBXBuildFile; fileRef = 3FD398212535ED29006E7195 /* EmojiArt.swift */; };
		3FD398262538973B006E7195 /* OptionalImage.swift in Sources */ = {isa = PBXBuildFile; fileRef = 3FD398252538973B006E7195 /* OptionalImage.swift */; };
		3FD3982825389B5F006E7195 /* AnimatableSystemFontModifier.swift in Sources */ = {isa = PBXBuildFile; fileRef = 3FD3982725389B5F006E7195 /* AnimatableSystemFontModifier.swift */; };
		3FD3982A253A6634006E7195 /* README.md in Resources */ = {isa = PBXBuildFile; fileRef = 3FD39829253A6634006E7195 /* README.md */; };
/* End PBXBuildFile section */

/* Begin PBXContainerItemProxy section */
		3FD397FF252F5D8F006E7195 /* PBXContainerItemProxy */ = {
			isa = PBXContainerItemProxy;
			containerPortal = 3FD397E5252F5D88006E7195 /* Project object */;
			proxyType = 1;
			remoteGlobalIDString = 3FD397EC252F5D88006E7195;
			remoteInfo = EmojiArt;
		};
		3FD3980A252F5D8F006E7195 /* PBXContainerItemProxy */ = {
			isa = PBXContainerItemProxy;
			containerPortal = 3FD397E5252F5D88006E7195 /* Project object */;
			proxyType = 1;
			remoteGlobalIDString = 3FD397EC252F5D88006E7195;
			remoteInfo = EmojiArt;
		};
/* End PBXContainerItemProxy section */

/* Begin PBXFileReference section */
		3FD397ED252F5D88006E7195 /* EmojiArt.app */ = {isa = PBXFileReference; explicitFileType = wrapper.application; includeInIndex = 0; path = EmojiArt.app; sourceTree = BUILT_PRODUCTS_DIR; };
		3FD397F0252F5D88006E7195 /* EmojiArtApp.swift */ = {isa = PBXFileReference; lastKnownFileType = sourcecode.swift; path = EmojiArtApp.swift; sourceTree = "<group>"; };
		3FD397F2252F5D88006E7195 /* EmojiArtDocumentView.swift */ = {isa = PBXFileReference; lastKnownFileType = sourcecode.swift; path = EmojiArtDocumentView.swift; sourceTree = "<group>"; };
		3FD397F4252F5D8F006E7195 /* Assets.xcassets */ = {isa = PBXFileReference; lastKnownFileType = folder.assetcatalog; path = Assets.xcassets; sourceTree = "<group>"; };
		3FD397F7252F5D8F006E7195 /* Preview Assets.xcassets */ = {isa = PBXFileReference; lastKnownFileType = folder.assetcatalog; path = "Preview Assets.xcassets"; sourceTree = "<group>"; };
		3FD397F9252F5D8F006E7195 /* Info.plist */ = {isa = PBXFileReference; lastKnownFileType = text.plist.xml; path = Info.plist; sourceTree = "<group>"; };
		3FD397FE252F5D8F006E7195 /* EmojiArtTests.xctest */ = {isa = PBXFileReference; explicitFileType = wrapper.cfbundle; includeInIndex = 0; path = EmojiArtTests.xctest; sourceTree = BUILT_PRODUCTS_DIR; };
		3FD39802252F5D8F006E7195 /* EmojiArtTests.swift */ = {isa = PBXFileReference; lastKnownFileType = sourcecode.swift; path = EmojiArtTests.swift; sourceTree = "<group>"; };
		3FD39804252F5D8F006E7195 /* Info.plist */ = {isa = PBXFileReference; lastKnownFileType = text.plist.xml; path = Info.plist; sourceTree = "<group>"; };
		3FD39809252F5D8F006E7195 /* EmojiArtUITests.xctest */ = {isa = PBXFileReference; explicitFileType = wrapper.cfbundle; includeInIndex = 0; path = EmojiArtUITests.xctest; sourceTree = BUILT_PRODUCTS_DIR; };
		3FD3980D252F5D8F006E7195 /* EmojiArtUITests.swift */ = {isa = PBXFileReference; lastKnownFileType = sourcecode.swift; path = EmojiArtUITests.swift; sourceTree = "<group>"; };
		3FD3980F252F5D8F006E7195 /* Info.plist */ = {isa = PBXFileReference; lastKnownFileType = text.plist.xml; path = Info.plist; sourceTree = "<group>"; };
		3FD3981B252F5DC9006E7195 /* EmojiArtDocument.swift */ = {isa = PBXFileReference; lastKnownFileType = sourcecode.swift; path = EmojiArtDocument.swift; sourceTree = "<group>"; };
		3FD3981D252F623C006E7195 /* EmojiArt+Extensions.swift */ = {isa = PBXFileReference; lastKnownFileType = sourcecode.swift; path = "EmojiArt+Extensions.swift"; sourceTree = "<group>"; };
		3FD398212535ED29006E7195 /* EmojiArt.swift */ = {isa = PBXFileReference; lastKnownFileType = sourcecode.swift; path = EmojiArt.swift; sourceTree = "<group>"; };
		3FD398252538973B006E7195 /* OptionalImage.swift */ = {isa = PBXFileReference; lastKnownFileType = sourcecode.swift; path = OptionalImage.swift; sourceTree = "<group>"; };
		3FD3982725389B5F006E7195 /* AnimatableSystemFontModifier.swift */ = {isa = PBXFileReference; lastKnownFileType = sourcecode.swift; path = AnimatableSystemFontModifier.swift; sourceTree = "<group>"; };
		3FD39829253A6634006E7195 /* README.md */ = {isa = PBXFileReference; lastKnownFileType = net.daringfireball.markdown; path = README.md; sourceTree = "<group>"; };
/* End PBXFileReference section */

/* Begin PBXFrameworksBuildPhase section */
		3FD397EA252F5D88006E7195 /* Frameworks */ = {
			isa = PBXFrameworksBuildPhase;
			buildActionMask = 2147483647;
			files = (
			);
			runOnlyForDeploymentPostprocessing = 0;
		};
		3FD397FB252F5D8F006E7195 /* Frameworks */ = {
			isa = PBXFrameworksBuildPhase;
			buildActionMask = 2147483647;
			files = (
			);
			runOnlyForDeploymentPostprocessing = 0;
		};
		3FD39806252F5D8F006E7195 /* Frameworks */ = {
			isa = PBXFrameworksBuildPhase;
			buildActionMask = 2147483647;
			files = (
			);
			runOnlyForDeploymentPostprocessing = 0;
		};
/* End PBXFrameworksBuildPhase section */

/* Begin PBXGroup section */
		3FD397E4252F5D88006E7195 = {
			isa = PBXGroup;
			children = (
				3FD39829253A6634006E7195 /* README.md */,
				3FD397EF252F5D88006E7195 /* EmojiArt */,
				3FD39801252F5D8F006E7195 /* EmojiArtTests */,
				3FD3980C252F5D8F006E7195 /* EmojiArtUITests */,
				3FD397EE252F5D88006E7195 /* Products */,
			);
			sourceTree = "<group>";
		};
		3FD397EE252F5D88006E7195 /* Products */ = {
			isa = PBXGroup;
			children = (
				3FD397ED252F5D88006E7195 /* EmojiArt.app */,
				3FD397FE252F5D8F006E7195 /* EmojiArtTests.xctest */,
				3FD39809252F5D8F006E7195 /* EmojiArtUITests.xctest */,
			);
			name = Products;
			sourceTree = "<group>";
		};
		3FD397EF252F5D88006E7195 /* EmojiArt */ = {
			isa = PBXGroup;
			children = (
				3FD398232535ED2F006E7195 /* Model */,
				3FD398202535ED10006E7195 /* ViewModel */,
				3FD3981F2535ED06006E7195 /* View */,
				3FD398242535ED3D006E7195 /* Utility */,
				3FD397F9252F5D8F006E7195 /* Info.plist */,
				3FD397F4252F5D8F006E7195 /* Assets.xcassets */,
				3FD397F6252F5D8F006E7195 /* Preview Content */,
			);
			path = EmojiArt;
			sourceTree = "<group>";
		};
		3FD397F6252F5D8F006E7195 /* Preview Content */ = {
			isa = PBXGroup;
			children = (
				3FD397F7252F5D8F006E7195 /* Preview Assets.xcassets */,
			);
			path = "Preview Content";
			sourceTree = "<group>";
		};
		3FD39801252F5D8F006E7195 /* EmojiArtTests */ = {
			isa = PBXGroup;
			children = (
				3FD39802252F5D8F006E7195 /* EmojiArtTests.swift */,
				3FD39804252F5D8F006E7195 /* Info.plist */,
			);
			path = EmojiArtTests;
			sourceTree = "<group>";
		};
		3FD3980C252F5D8F006E7195 /* EmojiArtUITests */ = {
			isa = PBXGroup;
			children = (
				3FD3980D252F5D8F006E7195 /* EmojiArtUITests.swift */,
				3FD3980F252F5D8F006E7195 /* Info.plist */,
			);
			path = EmojiArtUITests;
			sourceTree = "<group>";
		};
		3FD3981F2535ED06006E7195 /* View */ = {
			isa = PBXGroup;
			children = (
				3FD397F0252F5D88006E7195 /* EmojiArtApp.swift */,
				3FD397F2252F5D88006E7195 /* EmojiArtDocumentView.swift */,
			);
			path = View;
			sourceTree = "<group>";
		};
		3FD398202535ED10006E7195 /* ViewModel */ = {
			isa = PBXGroup;
			children = (
				3FD3981B252F5DC9006E7195 /* EmojiArtDocument.swift */,
			);
			path = ViewModel;
			sourceTree = "<group>";
		};
		3FD398232535ED2F006E7195 /* Model */ = {
			isa = PBXGroup;
			children = (
				3FD398212535ED29006E7195 /* EmojiArt.swift */,
			);
			path = Model;
			sourceTree = "<group>";
		};
		3FD398242535ED3D006E7195 /* Utility */ = {
			isa = PBXGroup;
			children = (
				3FD3981D252F623C006E7195 /* EmojiArt+Extensions.swift */,
				3FD398252538973B006E7195 /* OptionalImage.swift */,
				3FD3982725389B5F006E7195 /* AnimatableSystemFontModifier.swift */,
			);
			path = Utility;
			sourceTree = "<group>";
		};
/* End PBXGroup section */

/* Begin PBXNativeTarget section */
		3FD397EC252F5D88006E7195 /* EmojiArt */ = {
			isa = PBXNativeTarget;
			buildConfigurationList = 3FD39812252F5D8F006E7195 /* Build configuration list for PBXNativeTarget "EmojiArt" */;
			buildPhases = (
				3FD397E9252F5D88006E7195 /* Sources */,
				3FD397EA252F5D88006E7195 /* Frameworks */,
				3FD397EB252F5D88006E7195 /* Resources */,
			);
			buildRules = (
			);
			dependencies = (
			);
			name = EmojiArt;
			productName = EmojiArt;
			productReference = 3FD397ED252F5D88006E7195 /* EmojiArt.app */;
			productType = "com.apple.product-type.application";
		};
		3FD397FD252F5D8F006E7195 /* EmojiArtTests */ = {
			isa = PBXNativeTarget;
			buildConfigurationList = 3FD39815252F5D8F006E7195 /* Build configuration list for PBXNativeTarget "EmojiArtTests" */;
			buildPhases = (
				3FD397FA252F5D8F006E7195 /* Sources */,
				3FD397FB252F5D8F006E7195 /* Frameworks */,
				3FD397FC252F5D8F006E7195 /* Resources */,
			);
			buildRules = (
			);
			dependencies = (
				3FD39800252F5D8F006E7195 /* PBXTargetDependency */,
			);
			name = EmojiArtTests;
			productName = EmojiArtTests;
			productReference = 3FD397FE252F5D8F006E7195 /* EmojiArtTests.xctest */;
			productType = "com.apple.product-type.bundle.unit-test";
		};
		3FD39808252F5D8F006E7195 /* EmojiArtUITests */ = {
			isa = PBXNativeTarget;
			buildConfigurationList = 3FD39818252F5D8F006E7195 /* Build configuration list for PBXNativeTarget "EmojiArtUITests" */;
			buildPhases = (
				3FD39805252F5D8F006E7195 /* Sources */,
				3FD39806252F5D8F006E7195 /* Frameworks */,
				3FD39807252F5D8F006E7195 /* Resources */,
			);
			buildRules = (
			);
			dependencies = (
				3FD3980B252F5D8F006E7195 /* PBXTargetDependency */,
			);
			name = EmojiArtUITests;
			productName = EmojiArtUITests;
			productReference = 3FD39809252F5D8F006E7195 /* EmojiArtUITests.xctest */;
			productType = "com.apple.product-type.bundle.ui-testing";
		};
/* End PBXNativeTarget section */

/* Begin PBXProject section */
		3FD397E5252F5D88006E7195 /* Project object */ = {
			isa = PBXProject;
			attributes = {
				LastSwiftUpdateCheck = 1200;
				LastUpgradeCheck = 1200;
				TargetAttributes = {
					3FD397EC252F5D88006E7195 = {
						CreatedOnToolsVersion = 12.0;
					};
					3FD397FD252F5D8F006E7195 = {
						CreatedOnToolsVersion = 12.0;
						TestTargetID = 3FD397EC252F5D88006E7195;
					};
					3FD39808252F5D8F006E7195 = {
						CreatedOnToolsVersion = 12.0;
						TestTargetID = 3FD397EC252F5D88006E7195;
					};
				};
			};
			buildConfigurationList = 3FD397E8252F5D88006E7195 /* Build configuration list for PBXProject "EmojiArt" */;
			compatibilityVersion = "Xcode 9.3";
			developmentRegion = en;
			hasScannedForEncodings = 0;
			knownRegions = (
				en,
				Base,
			);
			mainGroup = 3FD397E4252F5D88006E7195;
			productRefGroup = 3FD397EE252F5D88006E7195 /* Products */;
			projectDirPath = "";
			projectRoot = "";
			targets = (
				3FD397EC252F5D88006E7195 /* EmojiArt */,
				3FD397FD252F5D8F006E7195 /* EmojiArtTests */,
				3FD39808252F5D8F006E7195 /* EmojiArtUITests */,
			);
		};
/* End PBXProject section */

/* Begin PBXResourcesBuildPhase section */
		3FD397EB252F5D88006E7195 /* Resources */ = {
			isa = PBXResourcesBuildPhase;
			buildActionMask = 2147483647;
			files = (
				3FD3982A253A6634006E7195 /* README.md in Resources */,
				3FD397F8252F5D8F006E7195 /* Preview Assets.xcassets in Resources */,
				3FD397F5252F5D8F006E7195 /* Assets.xcassets in Resources */,
			);
			runOnlyForDeploymentPostprocessing = 0;
		};
		3FD397FC252F5D8F006E7195 /* Resources */ = {
			isa = PBXResourcesBuildPhase;
			buildActionMask = 2147483647;
			files = (
			);
			runOnlyForDeploymentPostprocessing = 0;
		};
		3FD39807252F5D8F006E7195 /* Resources */ = {
			isa = PBXResourcesBuildPhase;
			buildActionMask = 2147483647;
			files = (
			);
			runOnlyForDeploymentPostprocessing = 0;
		};
/* End PBXResourcesBuildPhase section */

/* Begin PBXSourcesBuildPhase section */
		3FD397E9252F5D88006E7195 /* Sources */ = {
			isa = PBXSourcesBuildPhase;
			buildActionMask = 2147483647;
			files = (
				3FD3982825389B5F006E7195 /* AnimatableSystemFontModifier.swift in Sources */,
				3FD397F3252F5D88006E7195 /* EmojiArtDocumentView.swift in Sources */,
				3FD3981C252F5DC9006E7195 /* EmojiArtDocument.swift in Sources */,
				3FD398222535ED29006E7195 /* EmojiArt.swift in Sources */,
				3FD398262538973B006E7195 /* OptionalImage.swift in Sources */,
				3FD3981E252F623C006E7195 /* EmojiArt+Extensions.swift in Sources */,
				3FD397F1252F5D88006E7195 /* EmojiArtApp.swift in Sources */,
			);
			runOnlyForDeploymentPostprocessing = 0;
		};
		3FD397FA252F5D8F006E7195 /* Sources */ = {
			isa = PBXSourcesBuildPhase;
			buildActionMask = 2147483647;
			files = (
				3FD39803252F5D8F006E7195 /* EmojiArtTests.swift in Sources */,
			);
			runOnlyForDeploymentPostprocessing = 0;
		};
		3FD39805252F5D8F006E7195 /* Sources */ = {
			isa = PBXSourcesBuildPhase;
			buildActionMask = 2147483647;
			files = (
				3FD3980E252F5D8F006E7195 /* EmojiArtUITests.swift in Sources */,
			);
			runOnlyForDeploymentPostprocessing = 0;
		};
/* End PBXSourcesBuildPhase section */

/* Begin PBXTargetDependency section */
		3FD39800252F5D8F006E7195 /* PBXTargetDependency */ = {
			isa = PBXTargetDependency;
			target = 3FD397EC252F5D88006E7195 /* EmojiArt */;
			targetProxy = 3FD397FF252F5D8F006E7195 /* PBXContainerItemProxy */;
		};
		3FD3980B252F5D8F006E7195 /* PBXTargetDependency */ = {
			isa = PBXTargetDependency;
			target = 3FD397EC252F5D88006E7195 /* EmojiArt */;
			targetProxy = 3FD3980A252F5D8F006E7195 /* PBXContainerItemProxy */;
		};
/* End PBXTargetDependency section */

/* Begin XCBuildConfiguration section */
		3FD39810252F5D8F006E7195 /* Debug */ = {
			isa = XCBuildConfiguration;
			buildSettings = {
				ALWAYS_SEARCH_USER_PATHS = NO;
				CLANG_ANALYZER_NONNULL = YES;
				CLANG_ANALYZER_NUMBER_OBJECT_CONVERSION = YES_AGGRESSIVE;
				CLANG_CXX_LANGUAGE_STANDARD = "gnu++14";
				CLANG_CXX_LIBRARY = "libc++";
				CLANG_ENABLE_MODULES = YES;
				CLANG_ENABLE_OBJC_ARC = YES;
				CLANG_ENABLE_OBJC_WEAK = YES;
				CLANG_WARN_BLOCK_CAPTURE_AUTORELEASING = YES;
				CLANG_WARN_BOOL_CONVERSION = YES;
				CLANG_WARN_COMMA = YES;
				CLANG_WARN_CONSTANT_CONVERSION = YES;
				CLANG_WARN_DEPRECATED_OBJC_IMPLEMENTATIONS = YES;
				CLANG_WARN_DIRECT_OBJC_ISA_USAGE = YES_ERROR;
				CLANG_WARN_DOCUMENTATION_COMMENTS = YES;
				CLANG_WARN_EMPTY_BODY = YES;
				CLANG_WARN_ENUM_CONVERSION = YES;
				CLANG_WARN_INFINITE_RECURSION = YES;
				CLANG_WARN_INT_CONVERSION = YES;
				CLANG_WARN_NON_LITERAL_NULL_CONVERSION = YES;
				CLANG_WARN_OBJC_IMPLICIT_RETAIN_SELF = YES;
				CLANG_WARN_OBJC_LITERAL_CONVERSION = YES;
				CLANG_WARN_OBJC_ROOT_CLASS = YES_ERROR;
				CLANG_WARN_QUOTED_INCLUDE_IN_FRAMEWORK_HEADER = YES;
				CLANG_WARN_RANGE_LOOP_ANALYSIS = YES;
				CLANG_WARN_STRICT_PROTOTYPES = YES;
				CLANG_WARN_SUSPICIOUS_MOVE = YES;
				CLANG_WARN_UNGUARDED_AVAILABILITY = YES_AGGRESSIVE;
				CLANG_WARN_UNREACHABLE_CODE = YES;
				CLANG_WARN__DUPLICATE_METHOD_MATCH = YES;
				COPY_PHASE_STRIP = NO;
				DEBUG_INFORMATION_FORMAT = dwarf;
				ENABLE_STRICT_OBJC_MSGSEND = YES;
				ENABLE_TESTABILITY = YES;
				GCC_C_LANGUAGE_STANDARD = gnu11;
				GCC_DYNAMIC_NO_PIC = NO;
				GCC_NO_COMMON_BLOCKS = YES;
				GCC_OPTIMIZATION_LEVEL = 0;
				GCC_PREPROCESSOR_DEFINITIONS = (
					"DEBUG=1",
					"$(inherited)",
				);
				GCC_WARN_64_TO_32_BIT_CONVERSION = YES;
				GCC_WARN_ABOUT_RETURN_TYPE = YES_ERROR;
				GCC_WARN_UNDECLARED_SELECTOR = YES;
				GCC_WARN_UNINITIALIZED_AUTOS = YES_AGGRESSIVE;
				GCC_WARN_UNUSED_FUNCTION = YES;
				GCC_WARN_UNUSED_VARIABLE = YES;
				IPHONEOS_DEPLOYMENT_TARGET = 14.0;
				MTL_ENABLE_DEBUG_INFO = INCLUDE_SOURCE;
				MTL_FAST_MATH = YES;
				ONLY_ACTIVE_ARCH = YES;
				SDKROOT = iphoneos;
				SWIFT_ACTIVE_COMPILATION_CONDITIONS = DEBUG;
				SWIFT_OPTIMIZATION_LEVEL = "-Onone";
			};
			name = Debug;
		};
		3FD39811252F5D8F006E7195 /* Release */ = {
			isa = XCBuildConfiguration;
			buildSettings = {
				ALWAYS_SEARCH_USER_PATHS = NO;
				CLANG_ANALYZER_NONNULL = YES;
				CLANG_ANALYZER_NUMBER_OBJECT_CONVERSION = YES_AGGRESSIVE;
				CLANG_CXX_LANGUAGE_STANDARD = "gnu++14";
				CLANG_CXX_LIBRARY = "libc++";
				CLANG_ENABLE_MODULES = YES;
				CLANG_ENABLE_OBJC_ARC = YES;
				CLANG_ENABLE_OBJC_WEAK = YES;
				CLANG_WARN_BLOCK_CAPTURE_AUTORELEASING = YES;
				CLANG_WARN_BOOL_CONVERSION = YES;
				CLANG_WARN_COMMA = YES;
				CLANG_WARN_CONSTANT_CONVERSION = YES;
				CLANG_WARN_DEPRECATED_OBJC_IMPLEMENTATIONS = YES;
				CLANG_WARN_DIRECT_OBJC_ISA_USAGE = YES_ERROR;
				CLANG_WARN_DOCUMENTATION_COMMENTS = YES;
				CLANG_WARN_EMPTY_BODY = YES;
				CLANG_WARN_ENUM_CONVERSION = YES;
				CLANG_WARN_INFINITE_RECURSION = YES;
				CLANG_WARN_INT_CONVERSION = YES;
				CLANG_WARN_NON_LITERAL_NULL_CONVERSION = YES;
				CLANG_WARN_OBJC_IMPLICIT_RETAIN_SELF = YES;
				CLANG_WARN_OBJC_LITERAL_CONVERSION = YES;
				CLANG_WARN_OBJC_ROOT_CLASS = YES_ERROR;
				CLANG_WARN_QUOTED_INCLUDE_IN_FRAMEWORK_HEADER = YES;
				CLANG_WARN_RANGE_LOOP_ANALYSIS = YES;
				CLANG_WARN_STRICT_PROTOTYPES = YES;
				CLANG_WARN_SUSPICIOUS_MOVE = YES;
				CLANG_WARN_UNGUARDED_AVAILABILITY = YES_AGGRESSIVE;
				CLANG_WARN_UNREACHABLE_CODE = YES;
				CLANG_WARN__DUPLICATE_METHOD_MATCH = YES;
				COPY_PHASE_STRIP = NO;
				DEBUG_INFORMATION_FORMAT = "dwarf-with-dsym";
				ENABLE_NS_ASSERTIONS = NO;
				ENABLE_STRICT_OBJC_MSGSEND = YES;
				GCC_C_LANGUAGE_STANDARD = gnu11;
				GCC_NO_COMMON_BLOCKS = YES;
				GCC_WARN_64_TO_32_BIT_CONVERSION = YES;
				GCC_WARN_ABOUT_RETURN_TYPE = YES_ERROR;
				GCC_WARN_UNDECLARED_SELECTOR = YES;
				GCC_WARN_UNINITIALIZED_AUTOS = YES_AGGRESSIVE;
				GCC_WARN_UNUSED_FUNCTION = YES;
				GCC_WARN_UNUSED_VARIABLE = YES;
				IPHONEOS_DEPLOYMENT_TARGET = 14.0;
				MTL_ENABLE_DEBUG_INFO = NO;
				MTL_FAST_MATH = YES;
				SDKROOT = iphoneos;
				SWIFT_COMPILATION_MODE = wholemodule;
				SWIFT_OPTIMIZATION_LEVEL = "-O";
				VALIDATE_PRODUCT = YES;
			};
			name = Release;
		};
		3FD39813252F5D8F006E7195 /* Debug */ = {
			isa = XCBuildConfiguration;
			buildSettings = {
				ASSETCATALOG_COMPILER_APPICON_NAME = AppIcon;
				ASSETCATALOG_COMPILER_GLOBAL_ACCENT_COLOR_NAME = AccentColor;
				CODE_SIGN_STYLE = Automatic;
				DEVELOPMENT_ASSET_PATHS = "\"EmojiArt/Preview Content\"";
				ENABLE_PREVIEWS = YES;
				INFOPLIST_FILE = EmojiArt/Info.plist;
				IPHONEOS_DEPLOYMENT_TARGET = 14.0;
				LD_RUNPATH_SEARCH_PATHS = (
					"$(inherited)",
					"@executable_path/Frameworks",
				);
				PRODUCT_BUNDLE_IDENTIFIER = aaronjosephhayden.com.EmojiArt;
				PRODUCT_NAME = "$(TARGET_NAME)";
				SWIFT_VERSION = 5.0;
				TARGETED_DEVICE_FAMILY = "1,2";
			};
			name = Debug;
		};
		3FD39814252F5D8F006E7195 /* Release */ = {
			isa = XCBuildConfiguration;
			buildSettings = {
				ASSETCATALOG_COMPILER_APPICON_NAME = AppIcon;
				ASSETCATALOG_COMPILER_GLOBAL_ACCENT_COLOR_NAME = AccentColor;
				CODE_SIGN_STYLE = Automatic;
				DEVELOPMENT_ASSET_PATHS = "\"EmojiArt/Preview Content\"";
				ENABLE_PREVIEWS = YES;
				INFOPLIST_FILE = EmojiArt/Info.plist;
				IPHONEOS_DEPLOYMENT_TARGET = 14.0;
				LD_RUNPATH_SEARCH_PATHS = (
					"$(inherited)",
					"@executable_path/Frameworks",
				);
				PRODUCT_BUNDLE_IDENTIFIER = aaronjosephhayden.com.EmojiArt;
				PRODUCT_NAME = "$(TARGET_NAME)";
				SWIFT_VERSION = 5.0;
				TARGETED_DEVICE_FAMILY = "1,2";
			};
			name = Release;
		};
		3FD39816252F5D8F006E7195 /* Debug */ = {
			isa = XCBuildConfiguration;
			buildSettings = {
				ALWAYS_EMBED_SWIFT_STANDARD_LIBRARIES = YES;
				BUNDLE_LOADER = "$(TEST_HOST)";
				CODE_SIGN_STYLE = Automatic;
				INFOPLIST_FILE = EmojiArtTests/Info.plist;
				IPHONEOS_DEPLOYMENT_TARGET = 14.0;
				LD_RUNPATH_SEARCH_PATHS = (
					"$(inherited)",
					"@executable_path/Frameworks",
					"@loader_path/Frameworks",
				);
				PRODUCT_BUNDLE_IDENTIFIER = aaronjosephhayden.com.EmojiArtTests;
				PRODUCT_NAME = "$(TARGET_NAME)";
				SWIFT_VERSION = 5.0;
				TARGETED_DEVICE_FAMILY = "1,2";
				TEST_HOST = "$(BUILT_PRODUCTS_DIR)/EmojiArt.app/EmojiArt";
			};
			name = Debug;
		};
		3FD39817252F5D8F006E7195 /* Release */ = {
			isa = XCBuildConfiguration;
			buildSettings = {
				ALWAYS_EMBED_SWIFT_STANDARD_LIBRARIES = YES;
				BUNDLE_LOADER = "$(TEST_HOST)";
				CODE_SIGN_STYLE = Automatic;
				INFOPLIST_FILE = EmojiArtTests/Info.plist;
				IPHONEOS_DEPLOYMENT_TARGET = 14.0;
				LD_RUNPATH_SEARCH_PATHS = (
					"$(inherited)",
					"@executable_path/Frameworks",
					"@loader_path/Frameworks",
				);
				PRODUCT_BUNDLE_IDENTIFIER = aaronjosephhayden.com.EmojiArtTests;
				PRODUCT_NAME = "$(TARGET_NAME)";
				SWIFT_VERSION = 5.0;
				TARGETED_DEVICE_FAMILY = "1,2";
				TEST_HOST = "$(BUILT_PRODUCTS_DIR)/EmojiArt.app/EmojiArt";
			};
			name = Release;
		};
		3FD39819252F5D8F006E7195 /* Debug */ = {
			isa = XCBuildConfiguration;
			buildSettings = {
				ALWAYS_EMBED_SWIFT_STANDARD_LIBRARIES = YES;
				CODE_SIGN_STYLE = Automatic;
				INFOPLIST_FILE = EmojiArtUITests/Info.plist;
				LD_RUNPATH_SEARCH_PATHS = (
					"$(inherited)",
					"@executable_path/Frameworks",
					"@loader_path/Frameworks",
				);
				PRODUCT_BUNDLE_IDENTIFIER = aaronjosephhayden.com.EmojiArtUITests;
				PRODUCT_NAME = "$(TARGET_NAME)";
				SWIFT_VERSION = 5.0;
				TARGETED_DEVICE_FAMILY = "1,2";
				TEST_TARGET_NAME = EmojiArt;
			};
			name = Debug;
		};
		3FD3981A252F5D8F006E7195 /* Release */ = {
			isa = XCBuildConfiguration;
			buildSettings = {
				ALWAYS_EMBED_SWIFT_STANDARD_LIBRARIES = YES;
				CODE_SIGN_STYLE = Automatic;
				INFOPLIST_FILE = EmojiArtUITests/Info.plist;
				LD_RUNPATH_SEARCH_PATHS = (
					"$(inherited)",
					"@executable_path/Frameworks",
					"@loader_path/Frameworks",
				);
				PRODUCT_BUNDLE_IDENTIFIER = aaronjosephhayden.com.EmojiArtUITests;
				PRODUCT_NAME = "$(TARGET_NAME)";
				SWIFT_VERSION = 5.0;
				TARGETED_DEVICE_FAMILY = "1,2";
				TEST_TARGET_NAME = EmojiArt;
			};
			name = Release;
		};
/* End XCBuildConfiguration section */

/* Begin XCConfigurationList section */
		3FD397E8252F5D88006E7195 /* Build configuration list for PBXProject "EmojiArt" */ = {
			isa = XCConfigurationList;
			buildConfigurations = (
				3FD39810252F5D8F006E7195 /* Debug */,
				3FD39811252F5D8F006E7195 /* Release */,
			);
			defaultConfigurationIsVisible = 0;
			defaultConfigurationName = Release;
		};
		3FD39812252F5D8F006E7195 /* Build configuration list for PBXNativeTarget "EmojiArt" */ = {
			isa = XCConfigurationList;
			buildConfigurations = (
				3FD39813252F5D8F006E7195 /* Debug */,
				3FD39814252F5D8F006E7195 /* Release */,
			);
			defaultConfigurationIsVisible = 0;
			defaultConfigurationName = Release;
		};
		3FD39815252F5D8F006E7195 /* Build configuration list for PBXNativeTarget "EmojiArtTests" */ = {
			isa = XCConfigurationList;
			buildConfigurations = (
				3FD39816252F5D8F006E7195 /* Debug */,
				3FD39817252F5D8F006E7195 /* Release */,
			);
			defaultConfigurationIsVisible = 0;
			defaultConfigurationName = Release;
		};
		3FD39818252F5D8F006E7195 /* Build configuration list for PBXNativeTarget "EmojiArtUITests" */ = {
			isa = XCConfigurationList;
			buildConfigurations = (
				3FD39819252F5D8F006E7195 /* Debug */,
				3FD3981A252F5D8F006E7195 /* Release */,
			);
			defaultConfigurationIsVisible = 0;
			defaultConfigurationName = Release;
		};
/* End XCConfigurationList section */
	};
	rootObject = 3FD397E5252F5D88006E7195 /* Project object */;
}
